#MicroXplorer Configuration settings - do not modify
ADC1.Channel-0\#ChannelRegularConversion=ADC_CHANNEL_4
ADC1.Channel-1\#ChannelRegularConversion=ADC_CHANNEL_5
ADC1.Channel-2\#ChannelRegularConversion=ADC_CHANNEL_7
ADC1.Channel-3\#ChannelRegularConversion=ADC_CHANNEL_9
ADC1.ContinuousConvMode=DISABLE
ADC1.ConversionDataManagement=ADC_CONVERSIONDATA_DMA_ONESHOT
ADC1.DiscontinuousConvMode=ENABLE
ADC1.ExternalTrigConv=ADC_SOFTWARE_START
ADC1.IPParameters=Rank-0\#ChannelRegularConversion,Channel-0\#ChannelRegularConversion,SamplingTime-0\#ChannelRegularConversion,OffsetNumber-0\#ChannelRegularConversion,OffsetSignedSaturation-0\#ChannelRegularConversion,NbrOfConversionFlag,ContinuousConvMode,master,ConversionDataManagement,Rank-1\#ChannelRegularConversion,Channel-1\#ChannelRegularConversion,SamplingTime-1\#ChannelRegularConversion,OffsetNumber-1\#ChannelRegularConversion,OffsetSignedSaturation-1\#ChannelRegularConversion,Rank-2\#ChannelRegularConversion,Channel-2\#ChannelRegularConversion,SamplingTime-2\#ChannelRegularConversion,OffsetNumber-2\#ChannelRegularConversion,OffsetSignedSaturation-2\#ChannelRegularConversion,Rank-3\#ChannelRegularConversion,Channel-3\#ChannelRegularConversion,SamplingTime-3\#ChannelRegularConversion,OffsetNumber-3\#ChannelRegularConversion,OffsetSignedSaturation-3\#ChannelRegularConversion,NbrOfConversion,DiscontinuousConvMode,ExternalTrigConv,Resolution
ADC1.NbrOfConversion=4
ADC1.NbrOfConversionFlag=1
ADC1.OffsetNumber-0\#ChannelRegularConversion=ADC_OFFSET_NONE
ADC1.OffsetNumber-1\#ChannelRegularConversion=ADC_OFFSET_NONE
ADC1.OffsetNumber-2\#ChannelRegularConversion=ADC_OFFSET_NONE
ADC1.OffsetNumber-3\#ChannelRegularConversion=ADC_OFFSET_NONE
ADC1.OffsetSignedSaturation-0\#ChannelRegularConversion=DISABLE
ADC1.OffsetSignedSaturation-1\#ChannelRegularConversion=DISABLE
ADC1.OffsetSignedSaturation-2\#ChannelRegularConversion=DISABLE
ADC1.OffsetSignedSaturation-3\#ChannelRegularConversion=DISABLE
ADC1.Rank-0\#ChannelRegularConversion=1
ADC1.Rank-1\#ChannelRegularConversion=2
ADC1.Rank-2\#ChannelRegularConversion=3
ADC1.Rank-3\#ChannelRegularConversion=4
ADC1.Resolution=ADC_RESOLUTION_14B_OPT
ADC1.SamplingTime-0\#ChannelRegularConversion=ADC_SAMPLETIME_387CYCLES_5
ADC1.SamplingTime-1\#ChannelRegularConversion=ADC_SAMPLETIME_387CYCLES_5
ADC1.SamplingTime-2\#ChannelRegularConversion=ADC_SAMPLETIME_387CYCLES_5
ADC1.SamplingTime-3\#ChannelRegularConversion=ADC_SAMPLETIME_387CYCLES_5
ADC1.master=1
CAD.formats=
CAD.pinconfig=
CAD.provider=
CORTEX_M7.CPU_DCache=Enabled
CORTEX_M7.CPU_ICache=Enabled
CORTEX_M7.IPParameters=default_mode_Activation,CPU_ICache,CPU_DCache
CORTEX_M7.default_mode_Activation=1
Dma.ADC1.3.Direction=DMA_PERIPH_TO_MEMORY
Dma.ADC1.3.EventEnable=DISABLE
Dma.ADC1.3.FIFOMode=DMA_FIFOMODE_DISABLE
Dma.ADC1.3.Instance=DMA1_Stream0
Dma.ADC1.3.MemDataAlignment=DMA_MDATAALIGN_WORD
Dma.ADC1.3.MemInc=DMA_MINC_ENABLE
Dma.ADC1.3.Mode=DMA_NORMAL
Dma.ADC1.3.PeriphDataAlignment=DMA_PDATAALIGN_WORD
Dma.ADC1.3.PeriphInc=DMA_PINC_DISABLE
Dma.ADC1.3.Polarity=HAL_DMAMUX_REQ_GEN_RISING
Dma.ADC1.3.Priority=DMA_PRIORITY_LOW
Dma.ADC1.3.RequestNumber=1
Dma.ADC1.3.RequestParameters=Instance,Direction,PeriphInc,MemInc,PeriphDataAlignment,MemDataAlignment,Mode,Priority,FIFOMode,SignalID,Polarity,RequestNumber,SyncSignalID,SyncPolarity,SyncEnable,EventEnable,SyncRequestNumber
Dma.ADC1.3.SignalID=NONE
Dma.ADC1.3.SyncEnable=DISABLE
Dma.ADC1.3.SyncPolarity=HAL_DMAMUX_SYNC_NO_EVENT
Dma.ADC1.3.SyncRequestNumber=1
Dma.ADC1.3.SyncSignalID=NONE
Dma.Request0=UART4_TX
Dma.Request1=UART5_TX
Dma.Request2=UART7_TX
Dma.Request3=ADC1
Dma.Request4=USART3_TX
Dma.Request5=USART3_RX
Dma.Request6=UART8_TX
Dma.RequestsNb=7
Dma.UART4_TX.0.Direction=DMA_MEMORY_TO_PERIPH
Dma.UART4_TX.0.EventEnable=DISABLE
Dma.UART4_TX.0.FIFOMode=DMA_FIFOMODE_DISABLE
Dma.UART4_TX.0.Instance=DMA1_Stream2
Dma.UART4_TX.0.MemDataAlignment=DMA_MDATAALIGN_BYTE
Dma.UART4_TX.0.MemInc=DMA_MINC_ENABLE
Dma.UART4_TX.0.Mode=DMA_NORMAL
Dma.UART4_TX.0.PeriphDataAlignment=DMA_PDATAALIGN_BYTE
Dma.UART4_TX.0.PeriphInc=DMA_PINC_DISABLE
Dma.UART4_TX.0.Polarity=HAL_DMAMUX_REQ_GEN_RISING
Dma.UART4_TX.0.Priority=DMA_PRIORITY_LOW
Dma.UART4_TX.0.RequestNumber=1
Dma.UART4_TX.0.RequestParameters=Instance,Direction,PeriphInc,MemInc,PeriphDataAlignment,MemDataAlignment,Mode,Priority,FIFOMode,SignalID,Polarity,RequestNumber,SyncSignalID,SyncPolarity,SyncEnable,EventEnable,SyncRequestNumber
Dma.UART4_TX.0.SignalID=NONE
Dma.UART4_TX.0.SyncEnable=DISABLE
Dma.UART4_TX.0.SyncPolarity=HAL_DMAMUX_SYNC_NO_EVENT
Dma.UART4_TX.0.SyncRequestNumber=1
Dma.UART4_TX.0.SyncSignalID=NONE
Dma.UART5_TX.1.Direction=DMA_MEMORY_TO_PERIPH
Dma.UART5_TX.1.EventEnable=DISABLE
Dma.UART5_TX.1.FIFOMode=DMA_FIFOMODE_DISABLE
Dma.UART5_TX.1.Instance=DMA1_Stream4
Dma.UART5_TX.1.MemDataAlignment=DMA_MDATAALIGN_BYTE
Dma.UART5_TX.1.MemInc=DMA_MINC_ENABLE
Dma.UART5_TX.1.Mode=DMA_NORMAL
Dma.UART5_TX.1.PeriphDataAlignment=DMA_PDATAALIGN_BYTE
Dma.UART5_TX.1.PeriphInc=DMA_PINC_DISABLE
Dma.UART5_TX.1.Polarity=HAL_DMAMUX_REQ_GEN_RISING
Dma.UART5_TX.1.Priority=DMA_PRIORITY_LOW
Dma.UART5_TX.1.RequestNumber=1
Dma.UART5_TX.1.RequestParameters=Instance,Direction,PeriphInc,MemInc,PeriphDataAlignment,MemDataAlignment,Mode,Priority,FIFOMode,SignalID,Polarity,RequestNumber,SyncSignalID,SyncPolarity,SyncEnable,EventEnable,SyncRequestNumber
Dma.UART5_TX.1.SignalID=NONE
Dma.UART5_TX.1.SyncEnable=DISABLE
Dma.UART5_TX.1.SyncPolarity=HAL_DMAMUX_SYNC_NO_EVENT
Dma.UART5_TX.1.SyncRequestNumber=1
Dma.UART5_TX.1.SyncSignalID=NONE
Dma.UART7_TX.2.Direction=DMA_MEMORY_TO_PERIPH
Dma.UART7_TX.2.EventEnable=DISABLE
Dma.UART7_TX.2.FIFOMode=DMA_FIFOMODE_DISABLE
Dma.UART7_TX.2.Instance=DMA1_Stream6
Dma.UART7_TX.2.MemDataAlignment=DMA_MDATAALIGN_BYTE
Dma.UART7_TX.2.MemInc=DMA_MINC_ENABLE
Dma.UART7_TX.2.Mode=DMA_NORMAL
Dma.UART7_TX.2.PeriphDataAlignment=DMA_PDATAALIGN_BYTE
Dma.UART7_TX.2.PeriphInc=DMA_PINC_DISABLE
Dma.UART7_TX.2.Polarity=HAL_DMAMUX_REQ_GEN_RISING
Dma.UART7_TX.2.Priority=DMA_PRIORITY_LOW
Dma.UART7_TX.2.RequestNumber=1
Dma.UART7_TX.2.RequestParameters=Instance,Direction,PeriphInc,MemInc,PeriphDataAlignment,MemDataAlignment,Mode,Priority,FIFOMode,SignalID,Polarity,RequestNumber,SyncSignalID,SyncPolarity,SyncEnable,EventEnable,SyncRequestNumber
Dma.UART7_TX.2.SignalID=NONE
Dma.UART7_TX.2.SyncEnable=DISABLE
Dma.UART7_TX.2.SyncPolarity=HAL_DMAMUX_SYNC_NO_EVENT
Dma.UART7_TX.2.SyncRequestNumber=1
Dma.UART7_TX.2.SyncSignalID=NONE
Dma.UART8_TX.6.Direction=DMA_MEMORY_TO_PERIPH
Dma.UART8_TX.6.EventEnable=DISABLE
Dma.UART8_TX.6.FIFOMode=DMA_FIFOMODE_DISABLE
Dma.UART8_TX.6.Instance=DMA2_Stream0
Dma.UART8_TX.6.MemDataAlignment=DMA_MDATAALIGN_BYTE
Dma.UART8_TX.6.MemInc=DMA_MINC_ENABLE
Dma.UART8_TX.6.Mode=DMA_NORMAL
Dma.UART8_TX.6.PeriphDataAlignment=DMA_PDATAALIGN_BYTE
Dma.UART8_TX.6.PeriphInc=DMA_PINC_DISABLE
Dma.UART8_TX.6.Polarity=HAL_DMAMUX_REQ_GEN_RISING
Dma.UART8_TX.6.Priority=DMA_PRIORITY_LOW
Dma.UART8_TX.6.RequestNumber=1
Dma.UART8_TX.6.RequestParameters=Instance,Direction,PeriphInc,MemInc,PeriphDataAlignment,MemDataAlignment,Mode,Priority,FIFOMode,SignalID,Polarity,RequestNumber,SyncSignalID,SyncPolarity,SyncEnable,EventEnable,SyncRequestNumber
Dma.UART8_TX.6.SignalID=NONE
Dma.UART8_TX.6.SyncEnable=DISABLE
Dma.UART8_TX.6.SyncPolarity=HAL_DMAMUX_SYNC_NO_EVENT
Dma.UART8_TX.6.SyncRequestNumber=1
Dma.UART8_TX.6.SyncSignalID=NONE
Dma.USART3_RX.5.Direction=DMA_PERIPH_TO_MEMORY
Dma.USART3_RX.5.EventEnable=DISABLE
Dma.USART3_RX.5.FIFOMode=DMA_FIFOMODE_DISABLE
Dma.USART3_RX.5.Instance=DMA1_Stream5
Dma.USART3_RX.5.MemDataAlignment=DMA_MDATAALIGN_BYTE
Dma.USART3_RX.5.MemInc=DMA_MINC_ENABLE
Dma.USART3_RX.5.Mode=DMA_NORMAL
Dma.USART3_RX.5.PeriphDataAlignment=DMA_PDATAALIGN_BYTE
Dma.USART3_RX.5.PeriphInc=DMA_PINC_DISABLE
Dma.USART3_RX.5.Polarity=HAL_DMAMUX_REQ_GEN_RISING
Dma.USART3_RX.5.Priority=DMA_PRIORITY_LOW
Dma.USART3_RX.5.RequestNumber=1
Dma.USART3_RX.5.RequestParameters=Instance,Direction,PeriphInc,MemInc,PeriphDataAlignment,MemDataAlignment,Mode,Priority,FIFOMode,SignalID,Polarity,RequestNumber,SyncSignalID,SyncPolarity,SyncEnable,EventEnable,SyncRequestNumber
Dma.USART3_RX.5.SignalID=NONE
Dma.USART3_RX.5.SyncEnable=DISABLE
Dma.USART3_RX.5.SyncPolarity=HAL_DMAMUX_SYNC_NO_EVENT
Dma.USART3_RX.5.SyncRequestNumber=1
Dma.USART3_RX.5.SyncSignalID=NONE
Dma.USART3_TX.4.Direction=DMA_MEMORY_TO_PERIPH
Dma.USART3_TX.4.EventEnable=DISABLE
Dma.USART3_TX.4.FIFOMode=DMA_FIFOMODE_DISABLE
Dma.USART3_TX.4.Instance=DMA1_Stream3
Dma.USART3_TX.4.MemDataAlignment=DMA_MDATAALIGN_BYTE
Dma.USART3_TX.4.MemInc=DMA_MINC_ENABLE
Dma.USART3_TX.4.Mode=DMA_NORMAL
Dma.USART3_TX.4.PeriphDataAlignment=DMA_PDATAALIGN_BYTE
Dma.USART3_TX.4.PeriphInc=DMA_PINC_DISABLE
Dma.USART3_TX.4.Polarity=HAL_DMAMUX_REQ_GEN_RISING
Dma.USART3_TX.4.Priority=DMA_PRIORITY_LOW
Dma.USART3_TX.4.RequestNumber=1
Dma.USART3_TX.4.RequestParameters=Instance,Direction,PeriphInc,MemInc,PeriphDataAlignment,MemDataAlignment,Mode,Priority,FIFOMode,SignalID,Polarity,RequestNumber,SyncSignalID,SyncPolarity,SyncEnable,EventEnable,SyncRequestNumber
Dma.USART3_TX.4.SignalID=NONE
Dma.USART3_TX.4.SyncEnable=DISABLE
Dma.USART3_TX.4.SyncPolarity=HAL_DMAMUX_SYNC_NO_EVENT
Dma.USART3_TX.4.SyncRequestNumber=1
Dma.USART3_TX.4.SyncSignalID=NONE
FDCAN1.AutoRetransmission=ENABLE
FDCAN1.CalculateBaudRateNominal=1000000
FDCAN1.CalculateTimeBitNominal=1000
FDCAN1.CalculateTimeQuantumNominal=50.0
FDCAN1.DataPrescaler=4
FDCAN1.DataSyncJumpWidth=9
FDCAN1.DataTimeSeg1=10
FDCAN1.DataTimeSeg2=9
FDCAN1.ExtFiltersNbr=1
FDCAN1.IPParameters=CalculateTimeQuantumNominal,CalculateBaudRateNominal,NominalSyncJumpWidth,DataPrescaler,DataSyncJumpWidth,DataTimeSeg1,DataTimeSeg2,StdFiltersNbr,ExtFiltersNbr,RxFifo0ElmtsNbr,RxFifo1ElmtsNbr,RxBuffersNbr,TxEventsNbr,TxBuffersNbr,TxFifoQueueElmtsNbr,NominalPrescaler,CalculateTimeBitNominal,NominalTimeSeg1,NominalTimeSeg2,AutoRetransmission
FDCAN1.NominalPrescaler=4
FDCAN1.NominalSyncJumpWidth=9
FDCAN1.NominalTimeSeg1=10
FDCAN1.NominalTimeSeg2=9
FDCAN1.RxBuffersNbr=1
FDCAN1.RxFifo0ElmtsNbr=32
FDCAN1.RxFifo1ElmtsNbr=2
FDCAN1.StdFiltersNbr=1
FDCAN1.TxBuffersNbr=1
FDCAN1.TxEventsNbr=2
FDCAN1.TxFifoQueueElmtsNbr=32
FREERTOS.BinarySemaphores01=ESPRetState,Dynamic,NULL;GPSRetState,Dynamic,NULL;Motor1RetState,Dynamic,NULL;Motor2RetState,Dynamic,NULL
FREERTOS.FootprintOK=true
FREERTOS.IPParameters=Tasks01,FootprintOK,configUSE_TIMERS,Timers01,BinarySemaphores01,configUSE_COUNTING_SEMAPHORES,configGENERATE_RUN_TIME_STATS,configUSE_TRACE_FACILITY,configUSE_STATS_FORMATTING_FUNCTIONS
FREERTOS.Tasks01=TaskManager,0,128,TaskManagerFUN,Default,NULL,Dynamic,NULL,NULL;TSA1Contoll,-3,128,TSA1ContollFUN,Default,NULL,Dynamic,NULL,NULL;TSA2Contoll,-3,128,TSA2ContollFUN,Default,NULL,Dynamic,NULL,NULL;MotorStatDecode,0,128,MotorStatDecodeFUN,Default,NULL,Dynamic,NULL,NULL;IMU_Task,-3,128,IMU_TaskFUN,Default,NULL,Dynamic,NULL,NULL;StateRET,-3,128,StateRETFUN,Default,NULL,Dynamic,NULL,NULL
FREERTOS.Timers01=LoadCellCAL,LoadCellCALFUN,osTimerPeriodic,Default,NULL,Dynamic,NULL;GetRTCTime,GetRTCTimeFUN,osTimerPeriodic,Default,NULL,Dynamic,NULL;TaForceCAL,TaForceCALCallback,osTimerPeriodic,Default,NULL,Dynamic,NULL;ControllerPWR,CTRLLERPWR,osTimerPeriodic,Default,NULL,Dynamic,NULL;CurrentPeriodCTRL,CurrentPeriodCTRLFUN,osTimerPeriodic,Default,NULL,Dynamic,NULL;IMU_Enq,IMU_EnqFUN,osTimerPeriodic,Default,NULL,Dynamic,NULL
FREERTOS.configGENERATE_RUN_TIME_STATS=1
FREERTOS.configUSE_COUNTING_SEMAPHORES=1
FREERTOS.configUSE_STATS_FORMATTING_FUNCTIONS=1
FREERTOS.configUSE_TIMERS=1
FREERTOS.configUSE_TRACE_FACILITY=1
File.Version=6
GPIO.groupedBy=Group By Peripherals
I2C1.I2C_Speed_Mode=I2C_Fast
I2C1.IPParameters=Timing,I2C_Speed_Mode
I2C1.Timing=0x00B03FDB
I2C2.I2C_Speed_Mode=I2C_Fast_Plus
I2C2.IPParameters=Timing,I2C_Speed_Mode
I2C2.Timing=0x0050174F
KeepUserPlacement=false
Mcu.CPN=STM32H743VIT6
Mcu.Family=STM32H7
Mcu.IP0=ADC1
Mcu.IP1=CORTEX_M7
Mcu.IP10=RCC
Mcu.IP11=RTC
Mcu.IP12=SYS
Mcu.IP13=TIM3
Mcu.IP14=TIM4
Mcu.IP15=TIM6
Mcu.IP16=TIM17
Mcu.IP17=UART4
Mcu.IP18=UART5
Mcu.IP19=UART7
Mcu.IP2=CRC
Mcu.IP20=UART8
Mcu.IP21=USART3
Mcu.IP3=DEBUG
Mcu.IP4=DMA
Mcu.IP5=FDCAN1
Mcu.IP6=FREERTOS
Mcu.IP7=I2C1
Mcu.IP8=I2C2
Mcu.IP9=NVIC
Mcu.IPNb=22
Mcu.Name=STM32H743VITx
Mcu.Package=LQFP100
Mcu.Pin0=PE2
Mcu.Pin1=PE3
Mcu.Pin10=PE7
Mcu.Pin11=PE8
Mcu.Pin12=PE15
Mcu.Pin13=PB10
Mcu.Pin14=PB11
Mcu.Pin15=PB12
Mcu.Pin16=PB13
Mcu.Pin17=PD8
Mcu.Pin18=PD9
Mcu.Pin19=PD15
Mcu.Pin2=PC14-OSC32_IN (OSC32_IN)
Mcu.Pin20=PA8
Mcu.Pin21=PA9
Mcu.Pin22=PA10
Mcu.Pin23=PA11
Mcu.Pin24=PA12
Mcu.Pin25=PA13 (JTMS/SWDIO)
Mcu.Pin26=PA14 (JTCK/SWCLK)
Mcu.Pin27=PD0
Mcu.Pin28=PD1
Mcu.Pin29=PD5
Mcu.Pin3=PC15-OSC32_OUT (OSC32_OUT)
Mcu.Pin30=PD6
Mcu.Pin31=PB5
Mcu.Pin32=PB6
Mcu.Pin33=PB7
Mcu.Pin34=PB9
Mcu.Pin35=PE0
Mcu.Pin36=PE1
Mcu.Pin37=VP_CRC_VS_CRC
Mcu.Pin38=VP_FREERTOS_VS_CMSIS_V1
Mcu.Pin39=VP_RTC_VS_RTC_Activate
Mcu.Pin4=PH0-OSC_IN (PH0)
Mcu.Pin40=VP_RTC_VS_RTC_Calendar
Mcu.Pin41=VP_RTC_VS_RTC_Alarm_A_Intern
Mcu.Pin42=VP_SYS_VS_tim1
Mcu.Pin43=VP_TIM3_VS_ClockSourceINT
Mcu.Pin44=VP_TIM4_VS_ClockSourceINT
Mcu.Pin45=VP_TIM6_VS_ClockSourceINT
Mcu.Pin46=VP_TIM17_VS_ClockSourceINT
Mcu.Pin5=PH1-OSC_OUT (PH1)
Mcu.Pin6=PA7
Mcu.Pin7=PC4
Mcu.Pin8=PB0
Mcu.Pin9=PB1
Mcu.PinsNb=47
Mcu.ThirdParty0=STMicroelectronics.X-CUBE-ALGOBUILD.1.4.0
Mcu.ThirdPartyNb=1
Mcu.UserConstants=
Mcu.UserName=STM32H743VITx
MxCube.Version=6.11.1
MxDb.Version=DB.6.0.111
NVIC.BusFault_IRQn=true\:0\:0\:false\:false\:true\:false\:false\:false\:false
NVIC.DMA1_Stream0_IRQn=true\:5\:0\:false\:false\:true\:true\:false\:true\:true
NVIC.DMA1_Stream2_IRQn=true\:5\:0\:false\:false\:true\:true\:false\:true\:true
NVIC.DMA1_Stream3_IRQn=true\:5\:0\:false\:false\:true\:true\:false\:true\:true
NVIC.DMA1_Stream4_IRQn=true\:5\:0\:false\:false\:true\:true\:false\:true\:true
NVIC.DMA1_Stream5_IRQn=true\:5\:0\:false\:false\:true\:true\:false\:true\:true
NVIC.DMA1_Stream6_IRQn=true\:5\:0\:false\:false\:true\:true\:false\:true\:true
NVIC.DMA2_Stream0_IRQn=true\:5\:0\:false\:false\:true\:true\:false\:true\:true
NVIC.DebugMonitor_IRQn=true\:0\:0\:false\:false\:true\:false\:false\:false\:false
NVIC.FDCAN1_IT0_IRQn=true\:5\:0\:false\:false\:true\:true\:true\:true\:true
NVIC.ForceEnableDMAVector=true
NVIC.HardFault_IRQn=true\:0\:0\:false\:false\:true\:false\:false\:false\:false
NVIC.MemoryManagement_IRQn=true\:0\:0\:false\:false\:true\:false\:false\:false\:false
NVIC.NonMaskableInt_IRQn=true\:0\:0\:false\:false\:true\:false\:false\:false\:false
NVIC.PendSV_IRQn=true\:15\:0\:false\:false\:false\:true\:false\:false\:false
NVIC.PriorityGroup=NVIC_PRIORITYGROUP_4
NVIC.RTC_Alarm_IRQn=true\:5\:0\:false\:false\:true\:true\:true\:true\:true
NVIC.SVCall_IRQn=true\:0\:0\:false\:false\:false\:false\:false\:false\:false
NVIC.SavedPendsvIrqHandlerGenerated=true
NVIC.SavedSvcallIrqHandlerGenerated=true
NVIC.SavedSystickIrqHandlerGenerated=true
NVIC.SysTick_IRQn=true\:15\:0\:false\:false\:false\:true\:false\:true\:false
NVIC.TIM17_IRQn=true\:5\:0\:false\:false\:true\:true\:true\:true\:true
NVIC.TIM1_UP_IRQn=true\:15\:0\:false\:false\:true\:false\:false\:true\:true
NVIC.TimeBase=TIM1_UP_IRQn
NVIC.TimeBaseIP=TIM1
NVIC.UART4_IRQn=true\:5\:0\:false\:false\:true\:true\:true\:true\:true
NVIC.UART5_IRQn=true\:5\:0\:false\:false\:true\:true\:true\:true\:true
NVIC.UART7_IRQn=true\:5\:0\:false\:false\:true\:true\:false\:true\:true
NVIC.UART8_IRQn=true\:5\:0\:false\:false\:true\:true\:true\:true\:true
NVIC.USART3_IRQn=true\:5\:0\:false\:false\:true\:true\:true\:true\:true
NVIC.UsageFault_IRQn=true\:0\:0\:false\:false\:true\:false\:false\:false\:false
PA10.Locked=true
PA10.Signal=GPIO_Input
PA11.Locked=true
PA11.Mode=Asynchronous
PA11.Signal=UART4_RX
PA12.Locked=true
PA12.Mode=Asynchronous
PA12.Signal=UART4_TX
PA13\ (JTMS/SWDIO).Mode=Serial_Wire
PA13\ (JTMS/SWDIO).Signal=DEBUG_JTMS-SWDIO
PA14\ (JTCK/SWCLK).Mode=Serial_Wire
PA14\ (JTCK/SWCLK).Signal=DEBUG_JTCK-SWCLK
PA7.Signal=ADCx_INP7
PA8.Locked=true
PA8.Signal=GPIO_Input
PA9.Locked=true
PA9.Signal=GPIO_Input
PB0.Signal=ADCx_INP9
PB1.Signal=ADCx_INP5
PB10.GPIOParameters=GPIO_Pu
PB10.GPIO_Pu=GPIO_PULLUP
PB10.Locked=true
PB10.Mode=I2C
PB10.Signal=I2C2_SCL
PB11.GPIOParameters=GPIO_Pu
PB11.GPIO_Pu=GPIO_PULLUP
PB11.Locked=true
PB11.Mode=I2C
PB11.Signal=I2C2_SDA
PB12.Locked=true
PB12.Mode=Asynchronous
PB12.Signal=UART5_RX
PB13.Locked=true
PB13.Mode=Asynchronous
PB13.Signal=UART5_TX
PB5.Locked=true
PB5.Signal=GPIO_Output
PB6.GPIOParameters=GPIO_Pu
PB6.GPIO_Pu=GPIO_PULLUP
PB6.Locked=true
PB6.Mode=I2C
PB6.Signal=I2C1_SCL
PB7.GPIOParameters=GPIO_Pu
PB7.GPIO_Pu=GPIO_PULLUP
PB7.Locked=true
PB7.Mode=I2C
PB7.Signal=I2C1_SDA
PB9.Locked=true
PB9.Signal=GPIO_Input
PC14-OSC32_IN\ (OSC32_IN).Mode=LSE-External-Oscillator
PC14-OSC32_IN\ (OSC32_IN).Signal=RCC_OSC32_IN
PC15-OSC32_OUT\ (OSC32_OUT).Mode=LSE-External-Oscillator
PC15-OSC32_OUT\ (OSC32_OUT).Signal=RCC_OSC32_OUT
PC4.Signal=ADCx_INP4
PD0.Locked=true
PD0.Mode=FDCAN_Activate
PD0.Signal=FDCAN1_RX
PD1.Mode=FDCAN_Activate
PD1.Signal=FDCAN1_TX
PD15.Signal=S_TIM4_CH4
PD5.GPIOParameters=GPIO_ModeDefaultPP,GPIO_PuPd
PD5.GPIO_ModeDefaultPP=GPIO_MODE_AF_PP
PD5.GPIO_PuPd=GPIO_NOPULL
PD5.Locked=true
PD5.Signal=USART2_TX
PD6.GPIOParameters=GPIO_ModeDefaultPP,GPIO_PuPd
PD6.GPIO_ModeDefaultPP=GPIO_MODE_AF_PP
PD6.GPIO_PuPd=GPIO_NOPULL
PD6.Locked=true
PD6.Signal=USART2_RX
PD8.Mode=Asynchronous
PD8.Signal=USART3_TX
PD9.Mode=Asynchronous
PD9.Signal=USART3_RX
PE0.Locked=true
PE0.Mode=Asynchronous
PE0.Signal=UART8_RX
PE1.Locked=true
PE1.Mode=Asynchronous
PE1.Signal=UART8_TX
PE15.Locked=true
PE15.Signal=GPIO_Output
PE2.Locked=true
PE2.Signal=GPIO_Output
PE3.Locked=true
PE3.Signal=GPIO_Output
PE7.Locked=true
PE7.Mode=Asynchronous
PE7.Signal=UART7_RX
PE8.Locked=true
PE8.Mode=Asynchronous
PE8.Signal=UART7_TX
PH0-OSC_IN\ (PH0).Mode=HSE-External-Oscillator
PH0-OSC_IN\ (PH0).Signal=RCC_OSC_IN
PH1-OSC_OUT\ (PH1).Mode=HSE-External-Oscillator
PH1-OSC_OUT\ (PH1).Signal=RCC_OSC_OUT
PinOutPanel.RotationAngle=0
ProjectManager.AskForMigrate=true
ProjectManager.BackupPrevious=false
ProjectManager.CompilerLinker=GCC
ProjectManager.CompilerOptimize=6
ProjectManager.ComputerToolchain=false
ProjectManager.CoupleFile=true
ProjectManager.CustomerFirmwarePackage=
ProjectManager.DefaultFWLocation=true
ProjectManager.DeletePrevious=true
ProjectManager.DeviceId=STM32H743VITx
ProjectManager.FirmwarePackage=STM32Cube FW_H7 V1.11.2
ProjectManager.FreePins=false
ProjectManager.HalAssertFull=false
ProjectManager.HeapSize=0x200
ProjectManager.KeepUserCode=true
ProjectManager.LastFirmware=true
ProjectManager.LibraryCopy=0
ProjectManager.MainLocation=Src
ProjectManager.NoMain=false
ProjectManager.PreviousToolchain=
ProjectManager.ProjectBuild=false
ProjectManager.ProjectFileName=DualMuscleController.ioc
ProjectManager.ProjectName=DualMuscleController
ProjectManager.ProjectStructure=
ProjectManager.RegisterCallBack=
ProjectManager.StackSize=0x400
ProjectManager.TargetToolchain=MDK-ARM V5.32
ProjectManager.ToolChainLocation=
ProjectManager.UAScriptAfterPath=
ProjectManager.UAScriptBeforePath=
ProjectManager.UnderRoot=false
ProjectManager.functionlistsort=1-SystemClock_Config-RCC-false-HAL-false,2-MX_GPIO_Init-GPIO-false-HAL-true,3-MX_DMA_Init-DMA-false-HAL-true,4-MX_FDCAN1_Init-FDCAN1-false-HAL-true,5-MX_RTC_Init-RTC-false-HAL-true,6-MX_ADC1_Init-ADC1-false-HAL-true,7-MX_TIM3_Init-TIM3-false-HAL-true,8-MX_TIM4_Init-TIM4-false-HAL-true,9-MX_TIM6_Init-TIM6-false-HAL-true,10-MX_TIM17_Init-TIM17-false-HAL-true,11-MX_UART4_Init-UART4-false-HAL-true,12-MX_UART5_Init-UART5-false-HAL-true,13-MX_UART7_Init-UART7-false-HAL-true,14-MX_CRC_Init-CRC-false-HAL-true,15-MX_I2C1_Init-I2C1-false-HAL-true,16-MX_I2C2_Init-I2C2-false-HAL-true,17-MX_UART8_Init-UART8-false-HAL-true,18-MX_USART3_UART_Init-USART3-false-HAL-true,0-MX_CORTEX_M7_Init-CORTEX_M7-false-HAL-true
RCC.ADCFreq_Value=80000000
RCC.AHB12Freq_Value=240000000
RCC.AHB4Freq_Value=240000000
RCC.APB1Freq_Value=120000000
RCC.APB2Freq_Value=120000000
RCC.APB3Freq_Value=120000000
RCC.APB4Freq_Value=120000000
RCC.AXIClockFreq_Value=240000000
RCC.CECFreq_Value=32000
RCC.CKPERFreq_Value=64000000
RCC.CortexFreq_Value=480000000
RCC.CpuClockFreq_Value=480000000
RCC.D1CPREFreq_Value=480000000
RCC.D1PPRE=RCC_APB3_DIV2
RCC.D2PPRE1=RCC_APB1_DIV2
RCC.D2PPRE2=RCC_APB2_DIV2
RCC.D3PPRE=RCC_APB4_DIV2
RCC.DFSDMACLkFreq_Value=80000000
RCC.DFSDMFreq_Value=120000000
RCC.DIVM1=5
RCC.DIVM2=5
RCC.DIVM3=5
RCC.DIVN1=192
RCC.DIVN2=192
RCC.DIVN3=192
RCC.DIVP1Freq_Value=480000000
RCC.DIVP2=12
RCC.DIVP2Freq_Value=80000000
RCC.DIVP3Freq_Value=480000000
RCC.DIVQ1=12
RCC.DIVQ1Freq_Value=80000000
RCC.DIVQ2Freq_Value=480000000
RCC.DIVQ3Freq_Value=480000000
RCC.DIVR1Freq_Value=480000000
RCC.DIVR2Freq_Value=480000000
RCC.DIVR3Freq_Value=480000000
RCC.FDCANFreq_Value=80000000
RCC.FMCFreq_Value=240000000
RCC.FamilyName=M
RCC.HCLK3ClockFreq_Value=240000000
RCC.HCLKFreq_Value=240000000
RCC.HPRE=RCC_HCLK_DIV2
RCC.HRTIMFreq_Value=240000000
RCC.I2C123Freq_Value=120000000
RCC.I2C4Freq_Value=120000000
RCC.IPParameters=ADCFreq_Value,AHB12Freq_Value,AHB4Freq_Value,APB1Freq_Value,APB2Freq_Value,APB3Freq_Value,APB4Freq_Value,AXIClockFreq_Value,CECFreq_Value,CKPERFreq_Value,CortexFreq_Value,CpuClockFreq_Value,D1CPREFreq_Value,D1PPRE,D2PPRE1,D2PPRE2,D3PPRE,DFSDMACLkFreq_Value,DFSDMFreq_Value,DIVM1,DIVM2,DIVM3,DIVN1,DIVN2,DIVN3,DIVP1Freq_Value,DIVP2,DIVP2Freq_Value,DIVP3Freq_Value,DIVQ1,DIVQ1Freq_Value,DIVQ2Freq_Value,DIVQ3Freq_Value,DIVR1Freq_Value,DIVR2Freq_Value,DIVR3Freq_Value,FDCANFreq_Value,FMCFreq_Value,FamilyName,HCLK3ClockFreq_Value,HCLKFreq_Value,HPRE,HRTIMFreq_Value,I2C123Freq_Value,I2C4Freq_Value,LPTIM1Freq_Value,LPTIM2Freq_Value,LPTIM345Freq_Value,LPUART1Freq_Value,LTDCFreq_Value,MCO1PinFreq_Value,MCO2PinFreq_Value,PLLSourceVirtual,QSPIFreq_Value,RNGFreq_Value,RTCClockSelection,RTCFreq_Value,SAI1Freq_Value,SAI23Freq_Value,SAI4AFreq_Value,SAI4BFreq_Value,SDMMCFreq_Value,SPDIFRXFreq_Value,SPI123Freq_Value,SPI45Freq_Value,SPI6Freq_Value,SWPMI1Freq_Value,SYSCLKFreq_VALUE,SYSCLKSource,Tim1OutputFreq_Value,Tim2OutputFreq_Value,TraceFreq_Value,USART16Freq_Value,USART234578Freq_Value,USBFreq_Value,VCO1OutputFreq_Value,VCO2OutputFreq_Value,VCO3OutputFreq_Value,VCOInput1Freq_Value,VCOInput2Freq_Value,VCOInput3Freq_Value
RCC.LPTIM1Freq_Value=120000000
RCC.LPTIM2Freq_Value=120000000
RCC.LPTIM345Freq_Value=120000000
RCC.LPUART1Freq_Value=120000000
RCC.LTDCFreq_Value=480000000
RCC.MCO1PinFreq_Value=64000000
RCC.MCO2PinFreq_Value=480000000
RCC.PLLSourceVirtual=RCC_PLLSOURCE_HSE
RCC.QSPIFreq_Value=240000000
RCC.RNGFreq_Value=48000000
RCC.RTCClockSelection=RCC_RTCCLKSOURCE_LSE
RCC.RTCFreq_Value=32768
RCC.SAI1Freq_Value=80000000
RCC.SAI23Freq_Value=80000000
RCC.SAI4AFreq_Value=80000000
RCC.SAI4BFreq_Value=80000000
RCC.SDMMCFreq_Value=80000000
RCC.SPDIFRXFreq_Value=80000000
RCC.SPI123Freq_Value=80000000
RCC.SPI45Freq_Value=120000000
RCC.SPI6Freq_Value=120000000
RCC.SWPMI1Freq_Value=120000000
RCC.SYSCLKFreq_VALUE=480000000
RCC.SYSCLKSource=RCC_SYSCLKSOURCE_PLLCLK
RCC.Tim1OutputFreq_Value=240000000
RCC.Tim2OutputFreq_Value=240000000
RCC.TraceFreq_Value=480000000
RCC.USART16Freq_Value=120000000
RCC.USART234578Freq_Value=120000000
RCC.USBFreq_Value=80000000
RCC.VCO1OutputFreq_Value=960000000
RCC.VCO2OutputFreq_Value=960000000
RCC.VCO3OutputFreq_Value=960000000
RCC.VCOInput1Freq_Value=5000000
RCC.VCOInput2Freq_Value=5000000
RCC.VCOInput3Freq_Value=5000000
RTC.Alarm-Alarm\ A=RTC_ALARM_A
RTC.IPParameters=Alarm-Alarm A,Seconds_A-Alarm A
RTC.Seconds_A-Alarm\ A=1
SH.ADCx_INP4.0=ADC1_INP4,IN4-Single-Ended
SH.ADCx_INP4.ConfNb=1
SH.ADCx_INP5.0=ADC1_INP5,IN5-Single-Ended
SH.ADCx_INP5.ConfNb=1
SH.ADCx_INP7.0=ADC1_INP7,IN7-Single-Ended
SH.ADCx_INP7.ConfNb=1
SH.ADCx_INP9.0=ADC1_INP9,IN9-Single-Ended
SH.ADCx_INP9.ConfNb=1
SH.S_TIM4_CH4.0=TIM4_CH4,Output Compare4 CH4
SH.S_TIM4_CH4.ConfNb=1
STMicroelectronics.X-CUBE-ALGOBUILD.1.4.0_SwParameter=LibraryCcDSPOoLibraryJjDSPOoLibrary\:true;
TIM17.AutoReloadPreload=TIM_AUTORELOAD_PRELOAD_ENABLE
TIM17.IPParameters=Prescaler,Period,AutoReloadPreload
TIM17.Period=50-1
TIM17.Prescaler=240-1
TIM3.AutoReloadPreload=TIM_AUTORELOAD_PRELOAD_ENABLE
TIM3.IPParameters=Prescaler,Period,AutoReloadPreload
TIM3.Period=100-1
TIM3.Prescaler=240-1
TIM4.AutoReloadPreload=TIM_AUTORELOAD_PRELOAD_ENABLE
TIM4.Channel-Output\ Compare4\ CH4=TIM_CHANNEL_4
TIM4.IPParameters=Prescaler,Period,AutoReloadPreload,Channel-Output Compare4 CH4,Pulse-Output Compare4 CH4,OC4Preload,OCMode_4,OCPolarity_4
TIM4.OC4Preload=ENABLE
TIM4.OCMode_4=TIM_OCMODE_RETRIGERRABLE_OPM1
TIM4.OCPolarity_4=TIM_OCPOLARITY_LOW
TIM4.Period=1000-1
TIM4.Prescaler=240-1
TIM4.Pulse-Output\ Compare4\ CH4=180
TIM6.AutoReloadPreload=TIM_AUTORELOAD_PRELOAD_ENABLE
TIM6.IPParameters=Prescaler,Period,AutoReloadPreload
TIM6.Period=1000-1
TIM6.Prescaler=240-1
UART4.BaudRate=115200
UART4.IPParameters=BaudRate
UART5.BaudRate=921600
UART5.IPParameters=BaudRate
UART7.BaudRate=921600
UART7.IPParameters=BaudRate
UART8.BaudRate=115200
UART8.IPParameters=BaudRate,Mode
UART8.Mode=MODE_TX_RX
USART3.BaudRate=230400
USART3.IPParameters=VirtualMode-Asynchronous,BaudRate
USART3.VirtualMode-Asynchronous=VM_ASYNC
VP_CRC_VS_CRC.Mode=CRC_Activate
VP_CRC_VS_CRC.Signal=CRC_VS_CRC
VP_FREERTOS_VS_CMSIS_V1.Mode=CMSIS_V1
VP_FREERTOS_VS_CMSIS_V1.Signal=FREERTOS_VS_CMSIS_V1
VP_RTC_VS_RTC_Activate.Mode=RTC_Enabled
VP_RTC_VS_RTC_Activate.Signal=RTC_VS_RTC_Activate
VP_RTC_VS_RTC_Alarm_A_Intern.Mode=Alarm A
VP_RTC_VS_RTC_Alarm_A_Intern.Signal=RTC_VS_RTC_Alarm_A_Intern
VP_RTC_VS_RTC_Calendar.Mode=RTC_Calendar
VP_RTC_VS_RTC_Calendar.Signal=RTC_VS_RTC_Calendar
VP_SYS_VS_tim1.Mode=TIM1
VP_SYS_VS_tim1.Signal=SYS_VS_tim1
VP_TIM17_VS_ClockSourceINT.Mode=Enable_Timer
VP_TIM17_VS_ClockSourceINT.Signal=TIM17_VS_ClockSourceINT
VP_TIM3_VS_ClockSourceINT.Mode=Internal
VP_TIM3_VS_ClockSourceINT.Signal=TIM3_VS_ClockSourceINT
VP_TIM4_VS_ClockSourceINT.Mode=Internal
VP_TIM4_VS_ClockSourceINT.Signal=TIM4_VS_ClockSourceINT
VP_TIM6_VS_ClockSourceINT.Mode=Enable_Timer
VP_TIM6_VS_ClockSourceINT.Signal=TIM6_VS_ClockSourceINT
board=custom
rtos.0.ip=FREERTOS
